
Microsoft Visual Studio Solution File, Format Version 12.00
# Visual Studio 2013
VisualStudioVersion = 12.0.31101.0
MinimumVisualStudioVersion = 10.0.40219.1
Project("{FAE04EC0-301F-11D3-BF4B-00C04F79EFBC}") = "Forum0216", "Forum0216\Forum0216.csproj", "{66830F44-DF01-419B-8CEC-D9352DD987B8}"
EndProject
Project("{FAE04EC0-301F-11D3-BF4B-00C04F79EFBC}") = "Forum0216Business", "ForumBusiness\Forum0216Business.csproj", "{F276E258-D7CF-489F-AD10-C5165152E3B4}"
EndProject
Project("{FAE04EC0-301F-11D3-BF4B-00C04F79EFBC}") = "Forum0216Repository", "Forum0216Repository\Forum0216Repository.csproj", "{73A5540B-16B3-4030-AF51-854B0C4B61BB}"
EndProject
Global
	GlobalSection(SolutionConfigurationPlatforms) = preSolution
		Debug|Any CPU = Debug|Any CPU
		Release|Any CPU = Release|Any CPU
	EndGlobalSection
	GlobalSection(ProjectConfigurationPlatforms) = postSolution
		{66830F44-DF01-419B-8CEC-D9352DD987B8}.Debug|Any CPU.ActiveCfg = Debug|Any CPU
		{66830F44-DF01-419B-8CEC-D9352DD987B8}.Debug|Any CPU.Build.0 = Debug|Any CPU
		{66830F44-DF01-419B-8CEC-D9352DD987B8}.Release|Any CPU.ActiveCfg = Release|Any CPU
		{66830F44-DF01-419B-8CEC-D9352DD987B8}.Release|Any CPU.Build.0 = Release|Any CPU
		{F276E258-D7CF-489F-AD10-C5165152E3B4}.Debug|Any CPU.ActiveCfg = Debug|Any CPU
		{F276E258-D7CF-489F-AD10-C5165152E3B4}.Debug|Any CPU.Build.0 = Debug|Any CPU
		{F276E258-D7CF-489F-AD10-C5165152E3B4}.Release|Any CPU.ActiveCfg = Release|Any CPU
		{F276E258-D7CF-489F-AD10-C5165152E3B4}.Release|Any CPU.Build.0 = Release|Any CPU
		{73A5540B-16B3-4030-AF51-854B0C4B61BB}.Debug|Any CPU.ActiveCfg = Debug|Any CPU
		{73A5540B-16B3-4030-AF51-854B0C4B61BB}.Debug|Any CPU.Build.0 = Debug|Any CPU
		{73A5540B-16B3-4030-AF51-854B0C4B61BB}.Release|Any CPU.ActiveCfg = Release|Any CPU
		{73A5540B-16B3-4030-AF51-854B0C4B61BB}.Release|Any CPU.Build.0 = Release|Any CPU
	EndGlobalSection
	GlobalSection(SolutionProperties) = preSolution
		HideSolutionNode = FALSE
	EndGlobalSection
EndGlobal
